# CPython 3.12 / Linux amd64; exact official wheel hashes.
moonshine-voice==0.1.5 \
    --hash=sha256:1ed9e0ccf94be4845d69e7fa862dcf4c8b5801a758796966494c694f48184496
wyoming==1.10.2 \
    --hash=sha256:08aec17ccad4d72fc3f919ab741beacf3f23a1df24c8b9a317ebc6e02d2b227c
numpy==2.5.3 \
    --hash=sha256:b7e18c623bb5c95acb3b3328861272816ba199fb531921c5d6d0b675f1fde9e3
sounddevice==0.5.6 \
    --hash=sha256:de099612311ad81e55d31ccbd83f43ea6bf4d87b48f9b6ea55a1fbcde0eee4e0
requests==2.34.2 \
    --hash=sha256:2a0d60c172f83ac6ab31e4554906c0f3b3588d37b5cb939b1c061f4907e278e0
tqdm==4.70.1 \
    --hash=sha256:c293e525e6fef9c20e8728fd4612df02a0aa31bb5fe91ecd93e123b1b7bffa73
filelock==4.0.8 \
    --hash=sha256:325ff22f358c18443b1fcdfa0a7aa3faec4b500c2807c554719da4567b533d31
platformdirs==4.12.2 \
    --hash=sha256:29dbf06d96c500bc6bdbce75fb0a14d63279c93b1842f97e72a135b33e856983
google-crc32c==1.9.0 \
    --hash=sha256:3abb18297d9ef0ab120531838be0e6d68c9fa876570e11c229c48f2edac23ce7
cffi==2.1.1 \
    --hash=sha256:c1453022f490d2459a11819d83ad1d586e9ff65a12ac3e705ffebd46d3685dcf
pycparser==3.0 \
    --hash=sha256:b727414169a36b7d524c1c3e31839a521725078d7b2ff038656844266160a992
charset-normalizer==3.5.2 \
    --hash=sha256:3d31298449090ab8d47b7b1b2a555ff73cac7ed438a08b7ac160980c7ebed649 \
    --hash=sha256:b6b751274acb69d77b3323d6b7dbaa3c7fdfc1eb829b7eb61d262f32e1af9685
idna==3.20 \
    --hash=sha256:ab7ae7122974553370f0bdb919e1a960b2cd1bc1ef0276416d896db81c14582c
urllib3==2.8.0 \
    --hash=sha256:0cf3cae568d36aa9576b28dfb35f11328f1cb974ca7647d9475ebb86c75ac6e3
certifi==2026.7.22 \
    --hash=sha256:62f22742b58a1a33014a2b6b706588a8d7e2a88ae7bd1a6ebe8c992928483775
